
Microsoft Visual Studio Solution File, Format Version 12.00
# Visual Studio Version 17
VisualStudioVersion = 17.5.33516.290
MinimumVisualStudioVersion = 10.0.40219.1
Project("{FAE04EC0-301F-11D3-BF4B-00C04F79EFBC}") = "LABMedicine", "LABMedicine.csproj", "{B4F531E3-D0C9-46DC-84FD-6F7459D37DFE}"
EndProject
Global
	GlobalSection(SolutionConfigurationPlatforms) = preSolution
		Debug|Any CPU = Debug|Any CPU
		Release|Any CPU = Release|Any CPU
	EndGlobalSection
	GlobalSection(ProjectConfigurationPlatforms) = postSolution
		{B4F531E3-D0C9-46DC-84FD-6F7459D37DFE}.Debug|Any CPU.ActiveCfg = Debug|Any CPU
		{B4F531E3-D0C9-46DC-84FD-6F7459D37DFE}.Debug|Any CPU.Build.0 = Debug|Any CPU
		{B4F531E3-D0C9-46DC-84FD-6F7459D37DFE}.Release|Any CPU.ActiveCfg = Release|Any CPU
		{B4F531E3-D0C9-46DC-84FD-6F7459D37DFE}.Release|Any CPU.Build.0 = Release|Any CPU
	EndGlobalSection
	GlobalSection(SolutionProperties) = preSolution
		HideSolutionNode = FALSE
	EndGlobalSection
	GlobalSection(ExtensibilityGlobals) = postSolution
		SolutionGuid = {9E34E99B-763C-465A-A76C-886D1DF788AA}
	EndGlobalSection
EndGlobal
